
Microsoft Visual Studio Solution File, Format Version 11.00
# Visual Studio 2010
Project("{FAE04EC0-301F-11D3-BF4B-00C04F79EFBC}") = "NavMeshComponents", "NavMeshComponents.csproj", "{6095dc3e-46b5-d6f0-290d-37b6a3b3e29d}"
EndProject
Project("{FAE04EC0-301F-11D3-BF4B-00C04F79EFBC}") = "Assembly-CSharp", "Assembly-CSharp.csproj", "{489c5041-bc1f-582c-57c9-5afeae077489}"
EndProject
Project("{FAE04EC0-301F-11D3-BF4B-00C04F79EFBC}") = "NavMeshComponentsEditor", "NavMeshComponentsEditor.csproj", "{a2a9eb03-a91c-e50b-ffb2-5fe41ee79871}"
EndProject
Global
	GlobalSection(SolutionConfigurationPlatforms) = preSolution
		Debug|Any CPU = Debug|Any CPU
		Release|Any CPU = Release|Any CPU
	EndGlobalSection
	GlobalSection(ProjectConfigurationPlatforms) = postSolution
		{6095dc3e-46b5-d6f0-290d-37b6a3b3e29d}.Debug|Any CPU.ActiveCfg = Debug|Any CPU
		{6095dc3e-46b5-d6f0-290d-37b6a3b3e29d}.Debug|Any CPU.Build.0 = Debug|Any CPU
		{6095dc3e-46b5-d6f0-290d-37b6a3b3e29d}.Release|Any CPU.ActiveCfg = Release|Any CPU
		{6095dc3e-46b5-d6f0-290d-37b6a3b3e29d}.Release|Any CPU.Build.0 = Release|Any CPU
		{489c5041-bc1f-582c-57c9-5afeae077489}.Debug|Any CPU.ActiveCfg = Debug|Any CPU
		{489c5041-bc1f-582c-57c9-5afeae077489}.Debug|Any CPU.Build.0 = Debug|Any CPU
		{489c5041-bc1f-582c-57c9-5afeae077489}.Release|Any CPU.ActiveCfg = Release|Any CPU
		{489c5041-bc1f-582c-57c9-5afeae077489}.Release|Any CPU.Build.0 = Release|Any CPU
		{a2a9eb03-a91c-e50b-ffb2-5fe41ee79871}.Debug|Any CPU.ActiveCfg = Debug|Any CPU
		{a2a9eb03-a91c-e50b-ffb2-5fe41ee79871}.Debug|Any CPU.Build.0 = Debug|Any CPU
		{a2a9eb03-a91c-e50b-ffb2-5fe41ee79871}.Release|Any CPU.ActiveCfg = Release|Any CPU
		{a2a9eb03-a91c-e50b-ffb2-5fe41ee79871}.Release|Any CPU.Build.0 = Release|Any CPU
	EndGlobalSection
	GlobalSection(SolutionProperties) = preSolution
		HideSolutionNode = FALSE
	EndGlobalSection
EndGlobal
