
Microsoft Visual Studio Solution File, Format Version 12.00
# Visual Studio 15
Project("{FAE04EC0-301F-11D3-BF4B-00C04F79EFBC}") = "NavMeshComponents", "NavMeshComponents.csproj", "{3EDC9560-B546-F0D6-290D-37B6A3B3E29D}"
EndProject
Project("{FAE04EC0-301F-11D3-BF4B-00C04F79EFBC}") = "Assembly-CSharp", "Assembly-CSharp.csproj", "{41509C48-1FBC-2C58-57C9-5AFEAE077489}"
EndProject
Project("{FAE04EC0-301F-11D3-BF4B-00C04F79EFBC}") = "NavMeshComponentsEditor", "NavMeshComponentsEditor.csproj", "{03EBA9A2-1CA9-0BE5-FFB2-5FE41EE79871}"
EndProject
Global
	GlobalSection(SolutionConfigurationPlatforms) = preSolution
		Debug|Any CPU = Debug|Any CPU
		Release|Any CPU = Release|Any CPU
	EndGlobalSection
	GlobalSection(ProjectConfigurationPlatforms) = postSolution
		{3EDC9560-B546-F0D6-290D-37B6A3B3E29D}.Debug|Any CPU.ActiveCfg = Debug|Any CPU
		{3EDC9560-B546-F0D6-290D-37B6A3B3E29D}.Debug|Any CPU.Build.0 = Debug|Any CPU
		{3EDC9560-B546-F0D6-290D-37B6A3B3E29D}.Release|Any CPU.ActiveCfg = Release|Any CPU
		{3EDC9560-B546-F0D6-290D-37B6A3B3E29D}.Release|Any CPU.Build.0 = Release|Any CPU
		{41509C48-1FBC-2C58-57C9-5AFEAE077489}.Debug|Any CPU.ActiveCfg = Debug|Any CPU
		{41509C48-1FBC-2C58-57C9-5AFEAE077489}.Debug|Any CPU.Build.0 = Debug|Any CPU
		{41509C48-1FBC-2C58-57C9-5AFEAE077489}.Release|Any CPU.ActiveCfg = Release|Any CPU
		{41509C48-1FBC-2C58-57C9-5AFEAE077489}.Release|Any CPU.Build.0 = Release|Any CPU
		{03EBA9A2-1CA9-0BE5-FFB2-5FE41EE79871}.Debug|Any CPU.ActiveCfg = Debug|Any CPU
		{03EBA9A2-1CA9-0BE5-FFB2-5FE41EE79871}.Debug|Any CPU.Build.0 = Debug|Any CPU
		{03EBA9A2-1CA9-0BE5-FFB2-5FE41EE79871}.Release|Any CPU.ActiveCfg = Release|Any CPU
		{03EBA9A2-1CA9-0BE5-FFB2-5FE41EE79871}.Release|Any CPU.Build.0 = Release|Any CPU
	EndGlobalSection
	GlobalSection(SolutionProperties) = preSolution
		HideSolutionNode = FALSE
	EndGlobalSection
EndGlobal
